
Microsoft Visual Studio Solution File, Format Version 12.00
# Visual Studio Version 17
VisualStudioVersion = 17.5.33502.453
MinimumVisualStudioVersion = 10.0.40219.1
Project("{FAE04EC0-301F-11D3-BF4B-00C04F79EFBC}") = "Emmerson", "Emmerson\Emmerson.csproj", "{7542BC9E-519F-4EAD-BE12-F0BDC9D0552D}"
EndProject
Global
	GlobalSection(SolutionConfigurationPlatforms) = preSolution
		Debug|Any CPU = Debug|Any CPU
		Release|Any CPU = Release|Any CPU
	EndGlobalSection
	GlobalSection(ProjectConfigurationPlatforms) = postSolution
		{7542BC9E-519F-4EAD-BE12-F0BDC9D0552D}.Debug|Any CPU.ActiveCfg = Debug|Any CPU
		{7542BC9E-519F-4EAD-BE12-F0BDC9D0552D}.Debug|Any CPU.Build.0 = Debug|Any CPU
		{7542BC9E-519F-4EAD-BE12-F0BDC9D0552D}.Release|Any CPU.ActiveCfg = Release|Any CPU
		{7542BC9E-519F-4EAD-BE12-F0BDC9D0552D}.Release|Any CPU.Build.0 = Release|Any CPU
	EndGlobalSection
	GlobalSection(SolutionProperties) = preSolution
		HideSolutionNode = FALSE
	EndGlobalSection
	GlobalSection(ExtensibilityGlobals) = postSolution
		SolutionGuid = {0CD3A70C-A676-4AED-806A-9C0A8315488D}
	EndGlobalSection
EndGlobal
